
Microsoft Visual Studio Solution File, Format Version 12.00
# Visual Studio Version 16
VisualStudioVersion = 16.0.31424.327
MinimumVisualStudioVersion = 10.0.40219.1
Project("{FAE04EC0-301F-11D3-BF4B-00C04F79EFBC}") = "CSharpExtensions", "CSharpExtensions\CSharpExtensions.csproj", "{2BD49539-1FB1-4F53-A1E9-C52D101C4FD6}"
EndProject
Project("{FAE04EC0-301F-11D3-BF4B-00C04F79EFBC}") = "CSharpExtensions.Tests", "CSharpExtensions.Tests\CSharpExtensions.Tests.csproj", "{7E6D1266-A2E5-420B-BE3C-1C55E842DE0A}"
EndProject
Global
	GlobalSection(SolutionConfigurationPlatforms) = preSolution
		Debug|Any CPU = Debug|Any CPU
		Release|Any CPU = Release|Any CPU
	EndGlobalSection
	GlobalSection(ProjectConfigurationPlatforms) = postSolution
		{2BD49539-1FB1-4F53-A1E9-C52D101C4FD6}.Debug|Any CPU.ActiveCfg = Debug|Any CPU
		{2BD49539-1FB1-4F53-A1E9-C52D101C4FD6}.Debug|Any CPU.Build.0 = Debug|Any CPU
		{2BD49539-1FB1-4F53-A1E9-C52D101C4FD6}.Release|Any CPU.ActiveCfg = Release|Any CPU
		{2BD49539-1FB1-4F53-A1E9-C52D101C4FD6}.Release|Any CPU.Build.0 = Release|Any CPU
		{7E6D1266-A2E5-420B-BE3C-1C55E842DE0A}.Debug|Any CPU.ActiveCfg = Debug|Any CPU
		{7E6D1266-A2E5-420B-BE3C-1C55E842DE0A}.Debug|Any CPU.Build.0 = Debug|Any CPU
		{7E6D1266-A2E5-420B-BE3C-1C55E842DE0A}.Release|Any CPU.ActiveCfg = Release|Any CPU
		{7E6D1266-A2E5-420B-BE3C-1C55E842DE0A}.Release|Any CPU.Build.0 = Release|Any CPU
	EndGlobalSection
	GlobalSection(SolutionProperties) = preSolution
		HideSolutionNode = FALSE
	EndGlobalSection
	GlobalSection(ExtensibilityGlobals) = postSolution
		SolutionGuid = {366B907E-920E-4C32-8B6A-AB2053B6105E}
	EndGlobalSection
EndGlobal
